
Microsoft Visual Studio Solution File, Format Version 12.00
# Visual Studio Version 17
VisualStudioVersion = 17.2.32616.157
MinimumVisualStudioVersion = 10.0.40219.1
Project("{2150E333-8FDC-42A3-9474-1A3956D46DE8}") = "src", "src", "{41EF6A7A-7055-4B17-9B1C-E1A3E3241E34}"
EndProject
Project("{9A19103F-16F7-4668-BE54-9A1E7A4F7556}") = "Backend", "src\Backend\Backend.csproj", "{6C6D6137-237A-47BA-AF19-C32802D53D03}"
EndProject
Project("{54A90642-561A-4BB1-A94E-469ADEE60C69}") = "Client", "src\Client\Client.esproj", "{E4C99712-D958-45FE-9979-FA319A79C28E}"
EndProject
Global
	GlobalSection(SolutionConfigurationPlatforms) = preSolution
		Debug|Any CPU = Debug|Any CPU
		Release|Any CPU = Release|Any CPU
	EndGlobalSection
	GlobalSection(ProjectConfigurationPlatforms) = postSolution
		{6C6D6137-237A-47BA-AF19-C32802D53D03}.Debug|Any CPU.ActiveCfg = Debug|Any CPU
		{6C6D6137-237A-47BA-AF19-C32802D53D03}.Debug|Any CPU.Build.0 = Debug|Any CPU
		{6C6D6137-237A-47BA-AF19-C32802D53D03}.Release|Any CPU.ActiveCfg = Release|Any CPU
		{6C6D6137-237A-47BA-AF19-C32802D53D03}.Release|Any CPU.Build.0 = Release|Any CPU
		{E4C99712-D958-45FE-9979-FA319A79C28E}.Debug|Any CPU.ActiveCfg = Debug|Any CPU
		{E4C99712-D958-45FE-9979-FA319A79C28E}.Debug|Any CPU.Build.0 = Debug|Any CPU
		{E4C99712-D958-45FE-9979-FA319A79C28E}.Debug|Any CPU.Deploy.0 = Debug|Any CPU
		{E4C99712-D958-45FE-9979-FA319A79C28E}.Release|Any CPU.ActiveCfg = Release|Any CPU
		{E4C99712-D958-45FE-9979-FA319A79C28E}.Release|Any CPU.Build.0 = Release|Any CPU
		{E4C99712-D958-45FE-9979-FA319A79C28E}.Release|Any CPU.Deploy.0 = Release|Any CPU
	EndGlobalSection
	GlobalSection(SolutionProperties) = preSolution
		HideSolutionNode = FALSE
	EndGlobalSection
	GlobalSection(NestedProjects) = preSolution
		{6C6D6137-237A-47BA-AF19-C32802D53D03} = {41EF6A7A-7055-4B17-9B1C-E1A3E3241E34}
		{E4C99712-D958-45FE-9979-FA319A79C28E} = {41EF6A7A-7055-4B17-9B1C-E1A3E3241E34}
	EndGlobalSection
	GlobalSection(ExtensibilityGlobals) = postSolution
		SolutionGuid = {F3F91A85-AC6B-4703-8F95-42E5851AD8B5}
	EndGlobalSection
EndGlobal
